
Microsoft Visual Studio Solution File, Format Version 12.00
# Visual Studio Version 16
VisualStudioVersion = 16.0.31424.327
MinimumVisualStudioVersion = 10.0.40219.1
Project("{8BC9CEB8-8B4A-11D0-8D11-00A0C91BC942}") = "7_15", "7_15.vcxproj", "{204F9411-206D-4F1D-8F80-0BF222046536}"
EndProject
Global
	GlobalSection(SolutionConfigurationPlatforms) = preSolution
		Debug|x64 = Debug|x64
		Debug|x86 = Debug|x86
		Release|x64 = Release|x64
		Release|x86 = Release|x86
	EndGlobalSection
	GlobalSection(ProjectConfigurationPlatforms) = postSolution
		{204F9411-206D-4F1D-8F80-0BF222046536}.Debug|x64.ActiveCfg = Debug|x64
		{204F9411-206D-4F1D-8F80-0BF222046536}.Debug|x64.Build.0 = Debug|x64
		{204F9411-206D-4F1D-8F80-0BF222046536}.Debug|x86.ActiveCfg = Debug|Win32
		{204F9411-206D-4F1D-8F80-0BF222046536}.Debug|x86.Build.0 = Debug|Win32
		{204F9411-206D-4F1D-8F80-0BF222046536}.Release|x64.ActiveCfg = Release|x64
		{204F9411-206D-4F1D-8F80-0BF222046536}.Release|x64.Build.0 = Release|x64
		{204F9411-206D-4F1D-8F80-0BF222046536}.Release|x86.ActiveCfg = Release|Win32
		{204F9411-206D-4F1D-8F80-0BF222046536}.Release|x86.Build.0 = Release|Win32
	EndGlobalSection
	GlobalSection(SolutionProperties) = preSolution
		HideSolutionNode = FALSE
	EndGlobalSection
	GlobalSection(ExtensibilityGlobals) = postSolution
		SolutionGuid = {5B58145A-AF9F-4F06-B777-EC848C3FA2FE}
	EndGlobalSection
EndGlobal
